
Microsoft Visual Studio Solution File, Format Version 12.00
# Visual Studio 14
VisualStudioVersion = 14.0.24720.0
MinimumVisualStudioVersion = 10.0.40219.1
Project("{FAE04EC0-301F-11D3-BF4B-00C04F79EFBC}") = "TestingApplication1", "TestingApplication1\TestingApplication1.csproj", "{4B9668F5-1827-4F70-8D9A-F51F9D1E64C4}"
EndProject
Project("{FAE04EC0-301F-11D3-BF4B-00C04F79EFBC}") = "DEMO01_T4", "DEMO01_T4\DEMO01_T4.csproj", "{1EF644A9-8341-478F-810B-9461F6C07D22}"
EndProject
Project("{FAE04EC0-301F-11D3-BF4B-00C04F79EFBC}") = "harjoitus5", "harjoitus5\harjoitus5.csproj", "{373B86AC-332D-4A63-AF9B-6C858135ADBE}"
EndProject
Project("{FAE04EC0-301F-11D3-BF4B-00C04F79EFBC}") = "harjoitus 6", "harjoitus 6\harjoitus 6.csproj", "{FDA3095A-5C85-45A5-9DBF-E5AC8BB78C75}"
EndProject
Global
	GlobalSection(SolutionConfigurationPlatforms) = preSolution
		Debug|Any CPU = Debug|Any CPU
		Release|Any CPU = Release|Any CPU
	EndGlobalSection
	GlobalSection(ProjectConfigurationPlatforms) = postSolution
		{4B9668F5-1827-4F70-8D9A-F51F9D1E64C4}.Debug|Any CPU.ActiveCfg = Debug|Any CPU
		{4B9668F5-1827-4F70-8D9A-F51F9D1E64C4}.Debug|Any CPU.Build.0 = Debug|Any CPU
		{4B9668F5-1827-4F70-8D9A-F51F9D1E64C4}.Release|Any CPU.ActiveCfg = Release|Any CPU
		{4B9668F5-1827-4F70-8D9A-F51F9D1E64C4}.Release|Any CPU.Build.0 = Release|Any CPU
		{1EF644A9-8341-478F-810B-9461F6C07D22}.Debug|Any CPU.ActiveCfg = Debug|Any CPU
		{1EF644A9-8341-478F-810B-9461F6C07D22}.Debug|Any CPU.Build.0 = Debug|Any CPU
		{1EF644A9-8341-478F-810B-9461F6C07D22}.Release|Any CPU.ActiveCfg = Release|Any CPU
		{1EF644A9-8341-478F-810B-9461F6C07D22}.Release|Any CPU.Build.0 = Release|Any CPU
		{373B86AC-332D-4A63-AF9B-6C858135ADBE}.Debug|Any CPU.ActiveCfg = Debug|Any CPU
		{373B86AC-332D-4A63-AF9B-6C858135ADBE}.Debug|Any CPU.Build.0 = Debug|Any CPU
		{373B86AC-332D-4A63-AF9B-6C858135ADBE}.Release|Any CPU.ActiveCfg = Release|Any CPU
		{373B86AC-332D-4A63-AF9B-6C858135ADBE}.Release|Any CPU.Build.0 = Release|Any CPU
		{FDA3095A-5C85-45A5-9DBF-E5AC8BB78C75}.Debug|Any CPU.ActiveCfg = Debug|Any CPU
		{FDA3095A-5C85-45A5-9DBF-E5AC8BB78C75}.Debug|Any CPU.Build.0 = Debug|Any CPU
		{FDA3095A-5C85-45A5-9DBF-E5AC8BB78C75}.Release|Any CPU.ActiveCfg = Release|Any CPU
		{FDA3095A-5C85-45A5-9DBF-E5AC8BB78C75}.Release|Any CPU.Build.0 = Release|Any CPU
	EndGlobalSection
	GlobalSection(SolutionProperties) = preSolution
		HideSolutionNode = FALSE
	EndGlobalSection
EndGlobal
